
Microsoft Visual Studio Solution File, Format Version 12.00
# Visual Studio Version 17
VisualStudioVersion = 17.14.36203.30 d17.14
MinimumVisualStudioVersion = 10.0.40219.1
Project("{FAE04EC0-301F-11D3-BF4B-00C04F79EFBC}") = "PerizinanPeternakan", "PerizinanPeternakan.csproj", "{3B2190D9-FBF5-469F-8DC9-E299C9224F7F}"
EndProject
Global
	GlobalSection(SolutionConfigurationPlatforms) = preSolution
		Debug|Any CPU = Debug|Any CPU
		Release|Any CPU = Release|Any CPU
	EndGlobalSection
	GlobalSection(ProjectConfigurationPlatforms) = postSolution
		{3B2190D9-FBF5-469F-8DC9-E299C9224F7F}.Debug|Any CPU.ActiveCfg = Debug|Any CPU
		{3B2190D9-FBF5-469F-8DC9-E299C9224F7F}.Debug|Any CPU.Build.0 = Debug|Any CPU
		{3B2190D9-FBF5-469F-8DC9-E299C9224F7F}.Release|Any CPU.ActiveCfg = Release|Any CPU
		{3B2190D9-FBF5-469F-8DC9-E299C9224F7F}.Release|Any CPU.Build.0 = Release|Any CPU
	EndGlobalSection
	GlobalSection(SolutionProperties) = preSolution
		HideSolutionNode = FALSE
	EndGlobalSection
	GlobalSection(ExtensibilityGlobals) = postSolution
		SolutionGuid = {EF43C5AE-5931-4869-9726-F4F4FAEDBC07}
	EndGlobalSection
EndGlobal
